
Microsoft Visual Studio Solution File, Format Version 12.00
# Visual Studio Version 17
VisualStudioVersion = 17.1.32328.378
MinimumVisualStudioVersion = 10.0.40219.1
Project("{9A19103F-16F7-4668-BE54-9A1E7A4F7556}") = "REOWB", "REOWB\REOWB.csproj", "{09AF0DA6-5EB0-4C42-9F3F-7D9084B4FF4E}"
EndProject
Global
	GlobalSection(SolutionConfigurationPlatforms) = preSolution
		Debug|Any CPU = Debug|Any CPU
		Release|Any CPU = Release|Any CPU
	EndGlobalSection
	GlobalSection(ProjectConfigurationPlatforms) = postSolution
		{09AF0DA6-5EB0-4C42-9F3F-7D9084B4FF4E}.Debug|Any CPU.ActiveCfg = Debug|Any CPU
		{09AF0DA6-5EB0-4C42-9F3F-7D9084B4FF4E}.Debug|Any CPU.Build.0 = Debug|Any CPU
		{09AF0DA6-5EB0-4C42-9F3F-7D9084B4FF4E}.Release|Any CPU.ActiveCfg = Release|Any CPU
		{09AF0DA6-5EB0-4C42-9F3F-7D9084B4FF4E}.Release|Any CPU.Build.0 = Release|Any CPU
	EndGlobalSection
	GlobalSection(SolutionProperties) = preSolution
		HideSolutionNode = FALSE
	EndGlobalSection
	GlobalSection(ExtensibilityGlobals) = postSolution
		SolutionGuid = {C8CE3F37-74E5-4393-907D-187D7F6BE517}
	EndGlobalSection
EndGlobal
